// !$*UTF8*$!
{
	archiveVersion = 1;
	classes = {
	};
	objectVersion = 77;
	objects = {

/* Begin PBXBuildFile section */
		4E5B33FB2CEC706300CCD37B /* AudioPlayerControllers.swift in Sources */ = {isa = PBXBuildFile; fileRef = 4E5B33FA2CEC706300CCD37B /* AudioPlayerControllers.swift */; };
		4E5B33FD2CEC805700CCD37B /* SkipButton.swift in Sources */ = {isa = PBXBuildFile; fileRef = 4E5B33FC2CEC805700CCD37B /* SkipButton.swift */; };
		4ED475F52CEBAC6400CCC2E0 /* Class category mobile.mp4 in Resources */ = {isa = PBXBuildFile; fileRef = 4ED475E42CEBAC6400CCC2E0 /* Class category mobile.mp4 */; };
		4ED475F62CEBAC6400CCC2E0 /* Improving Creativity-Mychal-15m-895s-v2.mp3 in Resources */ = {isa = PBXBuildFile; fileRef = 4ED475E52CEBAC6400CCC2E0 /* Improving Creativity-Mychal-15m-895s-v2.mp3 */; };
		4ED475F72CEBAC6400CCC2E0 /* white noise -30 copy.mp3 in Resources */ = {isa = PBXBuildFile; fileRef = 4ED475E62CEBAC6400CCC2E0 /* white noise -30 copy.mp3 */; };
		4ED475F82CEBAC6400CCC2E0 /* Preview Assets.xcassets in Resources */ = {isa = PBXBuildFile; fileRef = 4ED475EA2CEBAC6400CCC2E0 /* Preview Assets.xcassets */; };
		4ED475F92CEBAC6400CCC2E0 /* Assets.xcassets in Resources */ = {isa = PBXBuildFile; fileRef = 4ED475EE2CEBAC6400CCC2E0 /* Assets.xcassets */; };
		4ED475FA2CEBAC6400CCC2E0 /* PressableButtonStyle.swift in Sources */ = {isa = PBXBuildFile; fileRef = 4ED475E82CEBAC6400CCC2E0 /* PressableButtonStyle.swift */; };
		4ED475FB2CEBAC6400CCC2E0 /* AudioPlayerView.swift in Sources */ = {isa = PBXBuildFile; fileRef = 4ED475EF2CEBAC6400CCC2E0 /* AudioPlayerView.swift */; };
		4ED475FC2CEBAC6400CCC2E0 /* BackgroundVideoPlayer.swift in Sources */ = {isa = PBXBuildFile; fileRef = 4ED475F02CEBAC6400CCC2E0 /* BackgroundVideoPlayer.swift */; };
		4ED475FD2CEBAC6400CCC2E0 /* MediaPlayerView.swift in Sources */ = {isa = PBXBuildFile; fileRef = 4ED475F12CEBAC6400CCC2E0 /* MediaPlayerView.swift */; };
		4ED475FE2CEBAC6400CCC2E0 /* PlayerProgress.swift in Sources */ = {isa = PBXBuildFile; fileRef = 4ED475F22CEBAC6400CCC2E0 /* PlayerProgress.swift */; };
		4ED475FF2CEBAC6400CCC2E0 /* SiddhaMediaPlayerApp.swift in Sources */ = {isa = PBXBuildFile; fileRef = 4ED475F32CEBAC6400CCC2E0 /* SiddhaMediaPlayerApp.swift */; };
		4ED476012CEBADA400CCC2E0 /* InactivityTimerManager.swift in Sources */ = {isa = PBXBuildFile; fileRef = 4ED476002CEBADA400CCC2E0 /* InactivityTimerManager.swift */; };
		4ED476052CEBB4BB00CCC2E0 /* TimeString.swift in Sources */ = {isa = PBXBuildFile; fileRef = 4ED476042CEBB4BB00CCC2E0 /* TimeString.swift */; };
		4ED476072CEBB7EF00CCC2E0 /* AudioPlayerManager.swift in Sources */ = {isa = PBXBuildFile; fileRef = 4ED476062CEBB7EF00CCC2E0 /* AudioPlayerManager.swift */; };
		4ED4760A2CEBE8DA00CCC2E0 /* Meditation.swift in Sources */ = {isa = PBXBuildFile; fileRef = 4ED476092CEBE8DA00CCC2E0 /* Meditation.swift */; };
		4ED4760C2CEC287A00CCC2E0 /* Constants.swift in Sources */ = {isa = PBXBuildFile; fileRef = 4ED4760B2CEC287A00CCC2E0 /* Constants.swift */; };
/* End PBXBuildFile section */

/* Begin PBXFileReference section */
		4E5B33FA2CEC706300CCD37B /* AudioPlayerControllers.swift */ = {isa = PBXFileReference; lastKnownFileType = sourcecode.swift; path = AudioPlayerControllers.swift; sourceTree = "<group>"; };
		4E5B33FC2CEC805700CCD37B /* SkipButton.swift */ = {isa = PBXFileReference; lastKnownFileType = sourcecode.swift; path = SkipButton.swift; sourceTree = "<group>"; };
		4EC664CA2CE92660001216EF /* SiddhaMediaPlayer.app */ = {isa = PBXFileReference; explicitFileType = wrapper.application; includeInIndex = 0; path = SiddhaMediaPlayer.app; sourceTree = BUILT_PRODUCTS_DIR; };
		4ED475E42CEBAC6400CCC2E0 /* Class category mobile.mp4 */ = {isa = PBXFileReference; lastKnownFileType = file; path = "Class category mobile.mp4"; sourceTree = "<group>"; };
		4ED475E52CEBAC6400CCC2E0 /* Improving Creativity-Mychal-15m-895s-v2.mp3 */ = {isa = PBXFileReference; lastKnownFileType = audio.mp3; path = "Improving Creativity-Mychal-15m-895s-v2.mp3"; sourceTree = "<group>"; };
		4ED475E62CEBAC6400CCC2E0 /* white noise -30 copy.mp3 */ = {isa = PBXFileReference; lastKnownFileType = audio.mp3; path = "white noise -30 copy.mp3"; sourceTree = "<group>"; };
		4ED475E82CEBAC6400CCC2E0 /* PressableButtonStyle.swift */ = {isa = PBXFileReference; lastKnownFileType = sourcecode.swift; path = PressableButtonStyle.swift; sourceTree = "<group>"; };
		4ED475EA2CEBAC6400CCC2E0 /* Preview Assets.xcassets */ = {isa = PBXFileReference; lastKnownFileType = folder.assetcatalog; path = "Preview Assets.xcassets"; sourceTree = "<group>"; };
		4ED475EE2CEBAC6400CCC2E0 /* Assets.xcassets */ = {isa = PBXFileReference; lastKnownFileType = folder.assetcatalog; path = Assets.xcassets; sourceTree = "<group>"; };
		4ED475EF2CEBAC6400CCC2E0 /* AudioPlayerView.swift */ = {isa = PBXFileReference; lastKnownFileType = sourcecode.swift; path = AudioPlayerView.swift; sourceTree = "<group>"; };
		4ED475F02CEBAC6400CCC2E0 /* BackgroundVideoPlayer.swift */ = {isa = PBXFileReference; lastKnownFileType = sourcecode.swift; path = BackgroundVideoPlayer.swift; sourceTree = "<group>"; };
		4ED475F12CEBAC6400CCC2E0 /* MediaPlayerView.swift */ = {isa = PBXFileReference; lastKnownFileType = sourcecode.swift; path = MediaPlayerView.swift; sourceTree = "<group>"; };
		4ED475F22CEBAC6400CCC2E0 /* PlayerProgress.swift */ = {isa = PBXFileReference; lastKnownFileType = sourcecode.swift; path = PlayerProgress.swift; sourceTree = "<group>"; };
		4ED475F32CEBAC6400CCC2E0 /* SiddhaMediaPlayerApp.swift */ = {isa = PBXFileReference; lastKnownFileType = sourcecode.swift; path = SiddhaMediaPlayerApp.swift; sourceTree = "<group>"; };
		4ED476002CEBADA400CCC2E0 /* InactivityTimerManager.swift */ = {isa = PBXFileReference; lastKnownFileType = sourcecode.swift; path = InactivityTimerManager.swift; sourceTree = "<group>"; };
		4ED476042CEBB4BB00CCC2E0 /* TimeString.swift */ = {isa = PBXFileReference; lastKnownFileType = sourcecode.swift; path = TimeString.swift; sourceTree = "<group>"; };
		4ED476062CEBB7EF00CCC2E0 /* AudioPlayerManager.swift */ = {isa = PBXFileReference; lastKnownFileType = sourcecode.swift; path = AudioPlayerManager.swift; sourceTree = "<group>"; };
		4ED476092CEBE8DA00CCC2E0 /* Meditation.swift */ = {isa = PBXFileReference; lastKnownFileType = sourcecode.swift; path = Meditation.swift; sourceTree = "<group>"; };
		4ED4760B2CEC287A00CCC2E0 /* Constants.swift */ = {isa = PBXFileReference; lastKnownFileType = sourcecode.swift; path = Constants.swift; sourceTree = "<group>"; };
/* End PBXFileReference section */

/* Begin PBXFrameworksBuildPhase section */
		4EC664C72CE92660001216EF /* Frameworks */ = {
			isa = PBXFrameworksBuildPhase;
			buildActionMask = 2147483647;
			files = (
			);
			runOnlyForDeploymentPostprocessing = 0;
		};
/* End PBXFrameworksBuildPhase section */

/* Begin PBXGroup section */
		4EC664C12CE92660001216EF = {
			isa = PBXGroup;
			children = (
				4ED475F42CEBAC6400CCC2E0 /* SiddhaMediaPlayer */,
				4EC664CB2CE92660001216EF /* Products */,
			);
			sourceTree = "<group>";
		};
		4EC664CB2CE92660001216EF /* Products */ = {
			isa = PBXGroup;
			children = (
				4EC664CA2CE92660001216EF /* SiddhaMediaPlayer.app */,
			);
			name = Products;
			sourceTree = "<group>";
		};
		4ED475E32CEBAC6400CCC2E0 /* Components */ = {
			isa = PBXGroup;
			children = (
				4ED475F22CEBAC6400CCC2E0 /* PlayerProgress.swift */,
				4E5B33FA2CEC706300CCD37B /* AudioPlayerControllers.swift */,
				4E5B33FC2CEC805700CCD37B /* SkipButton.swift */,
			);
			path = Components;
			sourceTree = "<group>";
		};
		4ED475E72CEBAC6400CCC2E0 /* Media Assets */ = {
			isa = PBXGroup;
			children = (
				4ED475E42CEBAC6400CCC2E0 /* Class category mobile.mp4 */,
				4ED475E52CEBAC6400CCC2E0 /* Improving Creativity-Mychal-15m-895s-v2.mp3 */,
				4ED475E62CEBAC6400CCC2E0 /* white noise -30 copy.mp3 */,
			);
			path = "Media Assets";
			sourceTree = "<group>";
		};
		4ED475E92CEBAC6400CCC2E0 /* Modifiers */ = {
			isa = PBXGroup;
			children = (
				4ED475E82CEBAC6400CCC2E0 /* PressableButtonStyle.swift */,
			);
			path = Modifiers;
			sourceTree = "<group>";
		};
		4ED475EB2CEBAC6400CCC2E0 /* Preview Content */ = {
			isa = PBXGroup;
			children = (
				4ED475EA2CEBAC6400CCC2E0 /* Preview Assets.xcassets */,
			);
			path = "Preview Content";
			sourceTree = "<group>";
		};
		4ED475ED2CEBAC6400CCC2E0 /* Views */ = {
			isa = PBXGroup;
			children = (
				4ED475F12CEBAC6400CCC2E0 /* MediaPlayerView.swift */,
				4ED475EF2CEBAC6400CCC2E0 /* AudioPlayerView.swift */,
				4ED475F02CEBAC6400CCC2E0 /* BackgroundVideoPlayer.swift */,
			);
			path = Views;
			sourceTree = "<group>";
		};
		4ED475F42CEBAC6400CCC2E0 /* SiddhaMediaPlayer */ = {
			isa = PBXGroup;
			children = (
				4ED475F32CEBAC6400CCC2E0 /* SiddhaMediaPlayerApp.swift */,
				4ED475EB2CEBAC6400CCC2E0 /* Preview Content */,
				4ED475EE2CEBAC6400CCC2E0 /* Assets.xcassets */,
				4ED475E72CEBAC6400CCC2E0 /* Media Assets */,
				4ED4760D2CEC5C3000CCC2E0 /* ViewModels */,
				4ED476022CEBB47F00CCC2E0 /* Utilities */,
				4ED475E32CEBAC6400CCC2E0 /* Components */,
				4ED476082CEBE8B500CCC2E0 /* Models */,
				4ED475ED2CEBAC6400CCC2E0 /* Views */,
			);
			path = SiddhaMediaPlayer;
			sourceTree = "<group>";
		};
		4ED476022CEBB47F00CCC2E0 /* Utilities */ = {
			isa = PBXGroup;
			children = (
				4ED4760B2CEC287A00CCC2E0 /* Constants.swift */,
				4ED476032CEBB49300CCC2E0 /* Helpers */,
				4ED475E92CEBAC6400CCC2E0 /* Modifiers */,
			);
			path = Utilities;
			sourceTree = "<group>";
		};
		4ED476032CEBB49300CCC2E0 /* Helpers */ = {
			isa = PBXGroup;
			children = (
				4ED476042CEBB4BB00CCC2E0 /* TimeString.swift */,
			);
			path = Helpers;
			sourceTree = "<group>";
		};
		4ED476082CEBE8B500CCC2E0 /* Models */ = {
			isa = PBXGroup;
			children = (
				4ED476092CEBE8DA00CCC2E0 /* Meditation.swift */,
			);
			path = Models;
			sourceTree = "<group>";
		};
		4ED4760D2CEC5C3000CCC2E0 /* ViewModels */ = {
			isa = PBXGroup;
			children = (
				4ED476002CEBADA400CCC2E0 /* InactivityTimerManager.swift */,
				4ED476062CEBB7EF00CCC2E0 /* AudioPlayerManager.swift */,
			);
			path = ViewModels;
			sourceTree = "<group>";
		};
/* End PBXGroup section */

/* Begin PBXNativeTarget section */
		4EC664C92CE92660001216EF /* SiddhaMediaPlayer */ = {
			isa = PBXNativeTarget;
			buildConfigurationList = 4EC664D82CE92661001216EF /* Build configuration list for PBXNativeTarget "SiddhaMediaPlayer" */;
			buildPhases = (
				4EC664C62CE92660001216EF /* Sources */,
				4EC664C72CE92660001216EF /* Frameworks */,
				4EC664C82CE92660001216EF /* Resources */,
			);
			buildRules = (
			);
			dependencies = (
			);
			name = SiddhaMediaPlayer;
			packageProductDependencies = (
			);
			productName = SiddhaMediaPlayer;
			productReference = 4EC664CA2CE92660001216EF /* SiddhaMediaPlayer.app */;
			productType = "com.apple.product-type.application";
		};
/* End PBXNativeTarget section */

/* Begin PBXProject section */
		4EC664C22CE92660001216EF /* Project object */ = {
			isa = PBXProject;
			attributes = {
				BuildIndependentTargetsInParallel = 1;
				LastSwiftUpdateCheck = 1610;
				LastUpgradeCheck = 1610;
				TargetAttributes = {
					4EC664C92CE92660001216EF = {
						CreatedOnToolsVersion = 16.1;
					};
				};
			};
			buildConfigurationList = 4EC664C52CE92660001216EF /* Build configuration list for PBXProject "SiddhaMediaPlayer" */;
			developmentRegion = en;
			hasScannedForEncodings = 0;
			knownRegions = (
				en,
				Base,
			);
			mainGroup = 4EC664C12CE92660001216EF;
			minimizedProjectReferenceProxies = 1;
			preferredProjectObjectVersion = 77;
			productRefGroup = 4EC664CB2CE92660001216EF /* Products */;
			projectDirPath = "";
			projectRoot = "";
			targets = (
				4EC664C92CE92660001216EF /* SiddhaMediaPlayer */,
			);
		};
/* End PBXProject section */

/* Begin PBXResourcesBuildPhase section */
		4EC664C82CE92660001216EF /* Resources */ = {
			isa = PBXResourcesBuildPhase;
			buildActionMask = 2147483647;
			files = (
				4ED475F52CEBAC6400CCC2E0 /* Class category mobile.mp4 in Resources */,
				4ED475F62CEBAC6400CCC2E0 /* Improving Creativity-Mychal-15m-895s-v2.mp3 in Resources */,
				4ED475F72CEBAC6400CCC2E0 /* white noise -30 copy.mp3 in Resources */,
				4ED475F82CEBAC6400CCC2E0 /* Preview Assets.xcassets in Resources */,
				4ED475F92CEBAC6400CCC2E0 /* Assets.xcassets in Resources */,
			);
			runOnlyForDeploymentPostprocessing = 0;
		};
/* End PBXResourcesBuildPhase section */

/* Begin PBXSourcesBuildPhase section */
		4EC664C62CE92660001216EF /* Sources */ = {
			isa = PBXSourcesBuildPhase;
			buildActionMask = 2147483647;
			files = (
				4E5B33FD2CEC805700CCD37B /* SkipButton.swift in Sources */,
				4ED475FA2CEBAC6400CCC2E0 /* PressableButtonStyle.swift in Sources */,
				4ED4760C2CEC287A00CCC2E0 /* Constants.swift in Sources */,
				4ED475FB2CEBAC6400CCC2E0 /* AudioPlayerView.swift in Sources */,
				4ED475FC2CEBAC6400CCC2E0 /* BackgroundVideoPlayer.swift in Sources */,
				4ED475FD2CEBAC6400CCC2E0 /* MediaPlayerView.swift in Sources */,
				4ED475FE2CEBAC6400CCC2E0 /* PlayerProgress.swift in Sources */,
				4ED4760A2CEBE8DA00CCC2E0 /* Meditation.swift in Sources */,
				4ED475FF2CEBAC6400CCC2E0 /* SiddhaMediaPlayerApp.swift in Sources */,
				4ED476052CEBB4BB00CCC2E0 /* TimeString.swift in Sources */,
				4E5B33FB2CEC706300CCD37B /* AudioPlayerControllers.swift in Sources */,
				4ED476072CEBB7EF00CCC2E0 /* AudioPlayerManager.swift in Sources */,
				4ED476012CEBADA400CCC2E0 /* InactivityTimerManager.swift in Sources */,
			);
			runOnlyForDeploymentPostprocessing = 0;
		};
/* End PBXSourcesBuildPhase section */

/* Begin XCBuildConfiguration section */
		4EC664D62CE92661001216EF /* Debug */ = {
			isa = XCBuildConfiguration;
			buildSettings = {
				ALWAYS_SEARCH_USER_PATHS = NO;
				ASSETCATALOG_COMPILER_GENERATE_SWIFT_ASSET_SYMBOL_EXTENSIONS = YES;
				CLANG_ANALYZER_NONNULL = YES;
				CLANG_ANALYZER_NUMBER_OBJECT_CONVERSION = YES_AGGRESSIVE;
				CLANG_CXX_LANGUAGE_STANDARD = "gnu++20";
				CLANG_ENABLE_MODULES = YES;
				CLANG_ENABLE_OBJC_ARC = YES;
				CLANG_ENABLE_OBJC_WEAK = YES;
				CLANG_WARN_BLOCK_CAPTURE_AUTORELEASING = YES;
				CLANG_WARN_BOOL_CONVERSION = YES;
				CLANG_WARN_COMMA = YES;
				CLANG_WARN_CONSTANT_CONVERSION = YES;
				CLANG_WARN_DEPRECATED_OBJC_IMPLEMENTATIONS = YES;
				CLANG_WARN_DIRECT_OBJC_ISA_USAGE = YES_ERROR;
				CLANG_WARN_DOCUMENTATION_COMMENTS = YES;
				CLANG_WARN_EMPTY_BODY = YES;
				CLANG_WARN_ENUM_CONVERSION = YES;
				CLANG_WARN_INFINITE_RECURSION = YES;
				CLANG_WARN_INT_CONVERSION = YES;
				CLANG_WARN_NON_LITERAL_NULL_CONVERSION = YES;
				CLANG_WARN_OBJC_IMPLICIT_RETAIN_SELF = YES;
				CLANG_WARN_OBJC_LITERAL_CONVERSION = YES;
				CLANG_WARN_OBJC_ROOT_CLASS = YES_ERROR;
				CLANG_WARN_QUOTED_INCLUDE_IN_FRAMEWORK_HEADER = YES;
				CLANG_WARN_RANGE_LOOP_ANALYSIS = YES;
				CLANG_WARN_STRICT_PROTOTYPES = YES;
				CLANG_WARN_SUSPICIOUS_MOVE = YES;
				CLANG_WARN_UNGUARDED_AVAILABILITY = YES_AGGRESSIVE;
				CLANG_WARN_UNREACHABLE_CODE = YES;
				CLANG_WARN__DUPLICATE_METHOD_MATCH = YES;
				COPY_PHASE_STRIP = NO;
				DEBUG_INFORMATION_FORMAT = dwarf;
				ENABLE_STRICT_OBJC_MSGSEND = YES;
				ENABLE_TESTABILITY = YES;
				ENABLE_USER_SCRIPT_SANDBOXING = YES;
				GCC_C_LANGUAGE_STANDARD = gnu17;
				GCC_DYNAMIC_NO_PIC = NO;
				GCC_NO_COMMON_BLOCKS = YES;
				GCC_OPTIMIZATION_LEVEL = 0;
				GCC_PREPROCESSOR_DEFINITIONS = (
					"DEBUG=1",
					"$(inherited)",
				);
				GCC_WARN_64_TO_32_BIT_CONVERSION = YES;
				GCC_WARN_ABOUT_RETURN_TYPE = YES_ERROR;
				GCC_WARN_UNDECLARED_SELECTOR = YES;
				GCC_WARN_UNINITIALIZED_AUTOS = YES_AGGRESSIVE;
				GCC_WARN_UNUSED_FUNCTION = YES;
				GCC_WARN_UNUSED_VARIABLE = YES;
				IPHONEOS_DEPLOYMENT_TARGET = 18.1;
				LOCALIZATION_PREFERS_STRING_CATALOGS = YES;
				MTL_ENABLE_DEBUG_INFO = INCLUDE_SOURCE;
				MTL_FAST_MATH = YES;
				ONLY_ACTIVE_ARCH = YES;
				SDKROOT = iphoneos;
				SWIFT_ACTIVE_COMPILATION_CONDITIONS = "DEBUG $(inherited)";
				SWIFT_OPTIMIZATION_LEVEL = "-Onone";
			};
			name = Debug;
		};
		4EC664D72CE92661001216EF /* Release */ = {
			isa = XCBuildConfiguration;
			buildSettings = {
				ALWAYS_SEARCH_USER_PATHS = NO;
				ASSETCATALOG_COMPILER_GENERATE_SWIFT_ASSET_SYMBOL_EXTENSIONS = YES;
				CLANG_ANALYZER_NONNULL = YES;
				CLANG_ANALYZER_NUMBER_OBJECT_CONVERSION = YES_AGGRESSIVE;
				CLANG_CXX_LANGUAGE_STANDARD = "gnu++20";
				CLANG_ENABLE_MODULES = YES;
				CLANG_ENABLE_OBJC_ARC = YES;
				CLANG_ENABLE_OBJC_WEAK = YES;
				CLANG_WARN_BLOCK_CAPTURE_AUTORELEASING = YES;
				CLANG_WARN_BOOL_CONVERSION = YES;
				CLANG_WARN_COMMA = YES;
				CLANG_WARN_CONSTANT_CONVERSION = YES;
				CLANG_WARN_DEPRECATED_OBJC_IMPLEMENTATIONS = YES;
				CLANG_WARN_DIRECT_OBJC_ISA_USAGE = YES_ERROR;
				CLANG_WARN_DOCUMENTATION_COMMENTS = YES;
				CLANG_WARN_EMPTY_BODY = YES;
				CLANG_WARN_ENUM_CONVERSION = YES;
				CLANG_WARN_INFINITE_RECURSION = YES;
				CLANG_WARN_INT_CONVERSION = YES;
				CLANG_WARN_NON_LITERAL_NULL_CONVERSION = YES;
				CLANG_WARN_OBJC_IMPLICIT_RETAIN_SELF = YES;
				CLANG_WARN_OBJC_LITERAL_CONVERSION = YES;
				CLANG_WARN_OBJC_ROOT_CLASS = YES_ERROR;
				CLANG_WARN_QUOTED_INCLUDE_IN_FRAMEWORK_HEADER = YES;
				CLANG_WARN_RANGE_LOOP_ANALYSIS = YES;
				CLANG_WARN_STRICT_PROTOTYPES = YES;
				CLANG_WARN_SUSPICIOUS_MOVE = YES;
				CLANG_WARN_UNGUARDED_AVAILABILITY = YES_AGGRESSIVE;
				CLANG_WARN_UNREACHABLE_CODE = YES;
				CLANG_WARN__DUPLICATE_METHOD_MATCH = YES;
				COPY_PHASE_STRIP = NO;
				DEBUG_INFORMATION_FORMAT = "dwarf-with-dsym";
				ENABLE_NS_ASSERTIONS = NO;
				ENABLE_STRICT_OBJC_MSGSEND = YES;
				ENABLE_USER_SCRIPT_SANDBOXING = YES;
				GCC_C_LANGUAGE_STANDARD = gnu17;
				GCC_NO_COMMON_BLOCKS = YES;
				GCC_WARN_64_TO_32_BIT_CONVERSION = YES;
				GCC_WARN_ABOUT_RETURN_TYPE = YES_ERROR;
				GCC_WARN_UNDECLARED_SELECTOR = YES;
				GCC_WARN_UNINITIALIZED_AUTOS = YES_AGGRESSIVE;
				GCC_WARN_UNUSED_FUNCTION = YES;
				GCC_WARN_UNUSED_VARIABLE = YES;
				IPHONEOS_DEPLOYMENT_TARGET = 18.1;
				LOCALIZATION_PREFERS_STRING_CATALOGS = YES;
				MTL_ENABLE_DEBUG_INFO = NO;
				MTL_FAST_MATH = YES;
				SDKROOT = iphoneos;
				SWIFT_COMPILATION_MODE = wholemodule;
				VALIDATE_PRODUCT = YES;
			};
			name = Release;
		};
		4EC664D92CE92661001216EF /* Debug */ = {
			isa = XCBuildConfiguration;
			buildSettings = {
				ASSETCATALOG_COMPILER_APPICON_NAME = AppIcon;
				ASSETCATALOG_COMPILER_GLOBAL_ACCENT_COLOR_NAME = AccentColor;
				CODE_SIGN_STYLE = Automatic;
				CURRENT_PROJECT_VERSION = 1;
				DEVELOPMENT_ASSET_PATHS = "\"SiddhaMediaPlayer/Preview Content\"";
				DEVELOPMENT_TEAM = 7X772H3L4J;
				ENABLE_PREVIEWS = YES;
				GENERATE_INFOPLIST_FILE = YES;
				INFOPLIST_KEY_UIApplicationSceneManifest_Generation = YES;
				INFOPLIST_KEY_UIApplicationSupportsIndirectInputEvents = YES;
				INFOPLIST_KEY_UILaunchScreen_Generation = YES;
				INFOPLIST_KEY_UISupportedInterfaceOrientations_iPad = "UIInterfaceOrientationPortrait UIInterfaceOrientationPortraitUpsideDown UIInterfaceOrientationLandscapeLeft UIInterfaceOrientationLandscapeRight";
				INFOPLIST_KEY_UISupportedInterfaceOrientations_iPhone = "UIInterfaceOrientationPortrait UIInterfaceOrientationLandscapeLeft UIInterfaceOrientationLandscapeRight";
				LD_RUNPATH_SEARCH_PATHS = (
					"$(inherited)",
					"@executable_path/Frameworks",
				);
				MARKETING_VERSION = 1.0;
				PRODUCT_BUNDLE_IDENTIFIER = jalal.SiddhaMediaPlayer.ios;
				PRODUCT_NAME = "$(TARGET_NAME)";
				SWIFT_EMIT_LOC_STRINGS = YES;
				SWIFT_VERSION = 5.0;
				TARGETED_DEVICE_FAMILY = "1,2";
			};
			name = Debug;
		};
		4EC664DA2CE92661001216EF /* Release */ = {
			isa = XCBuildConfiguration;
			buildSettings = {
				ASSETCATALOG_COMPILER_APPICON_NAME = AppIcon;
				ASSETCATALOG_COMPILER_GLOBAL_ACCENT_COLOR_NAME = AccentColor;
				CODE_SIGN_STYLE = Automatic;
				CURRENT_PROJECT_VERSION = 1;
				DEVELOPMENT_ASSET_PATHS = "\"SiddhaMediaPlayer/Preview Content\"";
				DEVELOPMENT_TEAM = 7X772H3L4J;
				ENABLE_PREVIEWS = YES;
				GENERATE_INFOPLIST_FILE = YES;
				INFOPLIST_KEY_UIApplicationSceneManifest_Generation = YES;
				INFOPLIST_KEY_UIApplicationSupportsIndirectInputEvents = YES;
				INFOPLIST_KEY_UILaunchScreen_Generation = YES;
				INFOPLIST_KEY_UISupportedInterfaceOrientations_iPad = "UIInterfaceOrientationPortrait UIInterfaceOrientationPortraitUpsideDown UIInterfaceOrientationLandscapeLeft UIInterfaceOrientationLandscapeRight";
				INFOPLIST_KEY_UISupportedInterfaceOrientations_iPhone = "UIInterfaceOrientationPortrait UIInterfaceOrientationLandscapeLeft UIInterfaceOrientationLandscapeRight";
				LD_RUNPATH_SEARCH_PATHS = (
					"$(inherited)",
					"@executable_path/Frameworks",
				);
				MARKETING_VERSION = 1.0;
				PRODUCT_BUNDLE_IDENTIFIER = jalal.SiddhaMediaPlayer.ios;
				PRODUCT_NAME = "$(TARGET_NAME)";
				SWIFT_EMIT_LOC_STRINGS = YES;
				SWIFT_VERSION = 5.0;
				TARGETED_DEVICE_FAMILY = "1,2";
			};
			name = Release;
		};
/* End XCBuildConfiguration section */

/* Begin XCConfigurationList section */
		4EC664C52CE92660001216EF /* Build configuration list for PBXProject "SiddhaMediaPlayer" */ = {
			isa = XCConfigurationList;
			buildConfigurations = (
				4EC664D62CE92661001216EF /* Debug */,
				4EC664D72CE92661001216EF /* Release */,
			);
			defaultConfigurationIsVisible = 0;
			defaultConfigurationName = Release;
		};
		4EC664D82CE92661001216EF /* Build configuration list for PBXNativeTarget "SiddhaMediaPlayer" */ = {
			isa = XCConfigurationList;
			buildConfigurations = (
				4EC664D92CE92661001216EF /* Debug */,
				4EC664DA2CE92661001216EF /* Release */,
			);
			defaultConfigurationIsVisible = 0;
			defaultConfigurationName = Release;
		};
/* End XCConfigurationList section */
	};
	rootObject = 4EC664C22CE92660001216EF /* Project object */;
}
